NeoBundleLock ctrlp.vim cbd52e3bdd388afd7accaba6e0aea754f32da271
NeoBundleLock jedi-vim 77924398bd594e238766153cec97ace62650f082
NeoBundleLock neobundle.vim c6fa48cd665071b7a4dbf5ab53f48cd5884716ee
NeoBundleLock neoformat 269e644661655d82765ae6c0259bbf084fa1f83b
NeoBundleLock typescript-vim fbd0e9e508535f7d89778f7280dc76505348dcc6
NeoBundleLock vim-airline 466198adc015a9d81e975374d8e206dcf3efd173
NeoBundleLock vim-airline-themes 3a39c85598aae19052aa0e2fe0512c8b228c0136
NeoBundleLock vim-colorschemes b8dff40f69f1873effbed97c759a8452ecb240ed
NeoBundleLock vim-fugitive e5935c116570d2375c57242cf64fc2fd32d8cb01
NeoBundleLock vim-polyglot a61ab44810a0cb78223a179d78eff16d2e0b8bf6
NeoBundleLock vim-vinegar c795cb739347cbddeeb288c3c35da9f140a513c9
NeoBundleLock vimshell 3787e52766812d8b99a93ccdda57517bc2a0bab6
NeoBundleLock yats.vim 3bb50d3f12620fa6c8ca670d9b5927d9021f9336
