NeoBundleLock ctrlp.vim 2ffdd4c709b0e9e7c1c39c6c93a8323c647bc1b8
NeoBundleLock html5.vim 40e924c9f333609e8c5b0bbf30775281e1cd9ccf
NeoBundleLock jellybeans.vim f931895c20681684278aef2ffd810730b9c36ec3
NeoBundleLock neobundle.vim 2f94664b624bc29a40fae51d38b5e922a55b85db
NeoBundleLock seti.vim af7382692b31ef2020116e576b2d93c68540618f
NeoBundleLock syntastic eba7ae6d6419974654a511ea391bebdfbaefc317
NeoBundleLock vim-css-color ceb028b27eae0550533501b1f02cb512a482ba85
NeoBundleLock vim-lexical 5ef902cdb9df478c5778813ebc6e0d1dabc9852c
NeoBundleLock vim-litecorrect d8a55e73ee06f99473e51c695e9b706253686173
NeoBundleLock vim-pencil 5f819bfec096fb5305aa34930966d8396d9dc6ed
